
Microsoft Visual Studio Solution File, Format Version 12.00
# Visual Studio Version 17
VisualStudioVersion = 17.3.32811.315
MinimumVisualStudioVersion = 10.0.40219.1
Project("{F184B08F-C81C-45F6-A57F-5ABD9991F28F}") = "VBNET_MSI", "VBNET_MSI\VBNET_MSI.vbproj", "{AA0981EC-28E7-400A-9E99-0960243F60B7}"
EndProject
Global
	GlobalSection(SolutionConfigurationPlatforms) = preSolution
		Debug|Any CPU = Debug|Any CPU
		Release|Any CPU = Release|Any CPU
	EndGlobalSection
	GlobalSection(ProjectConfigurationPlatforms) = postSolution
		{AA0981EC-28E7-400A-9E99-0960243F60B7}.Debug|Any CPU.ActiveCfg = Debug|Any CPU
		{AA0981EC-28E7-400A-9E99-0960243F60B7}.Debug|Any CPU.Build.0 = Debug|Any CPU
		{AA0981EC-28E7-400A-9E99-0960243F60B7}.Release|Any CPU.ActiveCfg = Release|Any CPU
		{AA0981EC-28E7-400A-9E99-0960243F60B7}.Release|Any CPU.Build.0 = Release|Any CPU
	EndGlobalSection
	GlobalSection(SolutionProperties) = preSolution
		HideSolutionNode = FALSE
	EndGlobalSection
	GlobalSection(ExtensibilityGlobals) = postSolution
		SolutionGuid = {4EFE43F7-6153-47AC-88C9-F5D13677EDEA}
	EndGlobalSection
EndGlobal
